
Microsoft Visual Studio Solution File, Format Version 12.00
# Visual Studio Version 17
VisualStudioVersion = 17.3.32825.248
MinimumVisualStudioVersion = 10.0.40219.1
Project("{FAE04EC0-301F-11D3-BF4B-00C04F79EFBC}") = "RestaurantPOSSystem", "RestaurantPOSSystem\RestaurantPOSSystem.csproj", "{1508FC3E-E6E6-4C4A-8105-10EAAB0E73BE}"
EndProject
Global
	GlobalSection(SolutionConfigurationPlatforms) = preSolution
		Debug|Any CPU = Debug|Any CPU
		Release|Any CPU = Release|Any CPU
	EndGlobalSection
	GlobalSection(ProjectConfigurationPlatforms) = postSolution
		{1508FC3E-E6E6-4C4A-8105-10EAAB0E73BE}.Debug|Any CPU.ActiveCfg = Debug|Any CPU
		{1508FC3E-E6E6-4C4A-8105-10EAAB0E73BE}.Debug|Any CPU.Build.0 = Debug|Any CPU
		{1508FC3E-E6E6-4C4A-8105-10EAAB0E73BE}.Release|Any CPU.ActiveCfg = Release|Any CPU
		{1508FC3E-E6E6-4C4A-8105-10EAAB0E73BE}.Release|Any CPU.Build.0 = Release|Any CPU
	EndGlobalSection
	GlobalSection(SolutionProperties) = preSolution
		HideSolutionNode = FALSE
	EndGlobalSection
	GlobalSection(ExtensibilityGlobals) = postSolution
		SolutionGuid = {E4266CEF-E12A-4EA3-A63B-4407091F9169}
	EndGlobalSection
EndGlobal
